Microsoft Visual Studio Solution File, Format Version 12.00
# Visual Studio Version 17
VisualStudioVersion = 17.5.2.0
MinimumVisualStudioVersion = 10.0.40219.1
Project("{FAE04EC0-301F-11D3-BF4B-00C04F79EFBC}") = "ParcelAuthAPI", "ParcelAuthAPI.csproj", "{BA27D25F-9FEA-7C1A-E10A-52C36FA8FA2A}"
EndProject
Global
	GlobalSection(SolutionConfigurationPlatforms) = preSolution
		Debug|Any CPU = Debug|Any CPU
		Release|Any CPU = Release|Any CPU
	EndGlobalSection
	GlobalSection(ProjectConfigurationPlatforms) = postSolution
		{BA27D25F-9FEA-7C1A-E10A-52C36FA8FA2A}.Debug|Any CPU.ActiveCfg = Debug|Any CPU
		{BA27D25F-9FEA-7C1A-E10A-52C36FA8FA2A}.Debug|Any CPU.Build.0 = Debug|Any CPU
		{BA27D25F-9FEA-7C1A-E10A-52C36FA8FA2A}.Release|Any CPU.ActiveCfg = Release|Any CPU
		{BA27D25F-9FEA-7C1A-E10A-52C36FA8FA2A}.Release|Any CPU.Build.0 = Release|Any CPU
	EndGlobalSection
	GlobalSection(SolutionProperties) = preSolution
		HideSolutionNode = FALSE
	EndGlobalSection
	GlobalSection(ExtensibilityGlobals) = postSolution
		SolutionGuid = {6048698C-4FC4-4B6D-85B5-8005E6345DB7}
	EndGlobalSection
EndGlobal
